
Microsoft Visual Studio Solution File, Format Version 12.00
# Visual Studio Version 17
VisualStudioVersion = 17.2.32630.192
MinimumVisualStudioVersion = 10.0.40219.1
Project("{FAE04EC0-301F-11D3-BF4B-00C04F79EFBC}") = "Hello World 1A", "Hello World 1A.csproj", "{396DBE6D-4B40-4D03-9950-77625A29E54B}"
EndProject
Global
	GlobalSection(SolutionConfigurationPlatforms) = preSolution
		Debug|Any CPU = Debug|Any CPU
		Release|Any CPU = Release|Any CPU
	EndGlobalSection
	GlobalSection(ProjectConfigurationPlatforms) = postSolution
		{396DBE6D-4B40-4D03-9950-77625A29E54B}.Debug|Any CPU.ActiveCfg = Debug|Any CPU
		{396DBE6D-4B40-4D03-9950-77625A29E54B}.Debug|Any CPU.Build.0 = Debug|Any CPU
		{396DBE6D-4B40-4D03-9950-77625A29E54B}.Release|Any CPU.ActiveCfg = Release|Any CPU
		{396DBE6D-4B40-4D03-9950-77625A29E54B}.Release|Any CPU.Build.0 = Release|Any CPU
	EndGlobalSection
	GlobalSection(SolutionProperties) = preSolution
		HideSolutionNode = FALSE
	EndGlobalSection
	GlobalSection(ExtensibilityGlobals) = postSolution
		SolutionGuid = {5F0A8499-8E69-43EF-9680-B2452DA04169}
	EndGlobalSection
EndGlobal
